
Microsoft Visual Studio Solution File, Format Version 12.00
# Visual Studio Version 17
VisualStudioVersion = 17.0.31903.59
MinimumVisualStudioVersion = 10.0.40219.1
Project("{FAE04EC0-301F-11D3-BF4B-00C04F79EFBC}") = "MyApp", "MyApp\MyApp.csproj", "{2AA28C2B-8802-4784-8C7B-80875A997BA3}"
EndProject
Project("{FAE04EC0-301F-11D3-BF4B-00C04F79EFBC}") = "MyApp.Tests", "MyApp.Tests\MyApp.Tests.csproj", "{44735B0B-041C-4402-A9A1-4305697269C8}"
EndProject
Global
	GlobalSection(SolutionConfigurationPlatforms) = preSolution
		Debug|Any CPU = Debug|Any CPU
		Release|Any CPU = Release|Any CPU
	EndGlobalSection
	GlobalSection(SolutionProperties) = preSolution
		HideSolutionNode = FALSE
	EndGlobalSection
	GlobalSection(ProjectConfigurationPlatforms) = postSolution
		{2AA28C2B-8802-4784-8C7B-80875A997BA3}.Debug|Any CPU.ActiveCfg = Debug|Any CPU
		{2AA28C2B-8802-4784-8C7B-80875A997BA3}.Debug|Any CPU.Build.0 = Debug|Any CPU
		{2AA28C2B-8802-4784-8C7B-80875A997BA3}.Release|Any CPU.ActiveCfg = Release|Any CPU
		{2AA28C2B-8802-4784-8C7B-80875A997BA3}.Release|Any CPU.Build.0 = Release|Any CPU
		{44735B0B-041C-4402-A9A1-4305697269C8}.Debug|Any CPU.ActiveCfg = Debug|Any CPU
		{44735B0B-041C-4402-A9A1-4305697269C8}.Debug|Any CPU.Build.0 = Debug|Any CPU
		{44735B0B-041C-4402-A9A1-4305697269C8}.Release|Any CPU.ActiveCfg = Release|Any CPU
		{44735B0B-041C-4402-A9A1-4305697269C8}.Release|Any CPU.Build.0 = Release|Any CPU
	EndGlobalSection
EndGlobal
